
Microsoft Visual Studio Solution File, Format Version 12.00
# Visual Studio 15
VisualStudioVersion = 15.0.28307.168
MinimumVisualStudioVersion = 10.0.40219.1
Project("{FAE04EC0-301F-11D3-BF4B-00C04F79EFBC}") = "KvpbaseStreamProxy", "KvpbaseStreamProxy\KvpbaseStreamProxy.csproj", "{BFE5AD68-B450-4E0D-B7E4-C0B365A9753A}"
EndProject
Project("{FAE04EC0-301F-11D3-BF4B-00C04F79EFBC}") = "KvpbaseStreamTest", "KvpbaseStreamTest\KvpbaseStreamTest.csproj", "{10637F95-16ED-4347-8663-86951107C5EE}"
EndProject
Global
	GlobalSection(SolutionConfigurationPlatforms) = preSolution
		Debug|Any CPU = Debug|Any CPU
		Release|Any CPU = Release|Any CPU
	EndGlobalSection
	GlobalSection(ProjectConfigurationPlatforms) = postSolution
		{BFE5AD68-B450-4E0D-B7E4-C0B365A9753A}.Debug|Any CPU.ActiveCfg = Debug|Any CPU
		{BFE5AD68-B450-4E0D-B7E4-C0B365A9753A}.Debug|Any CPU.Build.0 = Debug|Any CPU
		{BFE5AD68-B450-4E0D-B7E4-C0B365A9753A}.Release|Any CPU.ActiveCfg = Release|Any CPU
		{BFE5AD68-B450-4E0D-B7E4-C0B365A9753A}.Release|Any CPU.Build.0 = Release|Any CPU
		{10637F95-16ED-4347-8663-86951107C5EE}.Debug|Any CPU.ActiveCfg = Debug|Any CPU
		{10637F95-16ED-4347-8663-86951107C5EE}.Debug|Any CPU.Build.0 = Debug|Any CPU
		{10637F95-16ED-4347-8663-86951107C5EE}.Release|Any CPU.ActiveCfg = Release|Any CPU
		{10637F95-16ED-4347-8663-86951107C5EE}.Release|Any CPU.Build.0 = Release|Any CPU
	EndGlobalSection
	GlobalSection(SolutionProperties) = preSolution
		HideSolutionNode = FALSE
	EndGlobalSection
	GlobalSection(ExtensibilityGlobals) = postSolution
		SolutionGuid = {7B00C51F-3B64-46C6-A8D4-F713D1700AED}
	EndGlobalSection
EndGlobal
